<?xml version="1.0" encoding="utf-8"?>
<Project ToolsVersion="4.0" xmlns="http://schemas.microsoft.com/developer/msbuild/2003">
  <ItemGroup>
    <Filter Include="ソース ファイル">
      <UniqueIdentifier>{4FC737F1-C7A5-4376-A066-2A32D752A2FF}</UniqueIdentifier>
      <Extensions>cpp;c;cc;cxx;def;odl;idl;hpj;bat;asm;asmx</Extensions>
    </Filter>
    <Filter Include="リソース ファイル">
      <UniqueIdentifier>{67DA6AB6-F800-4c08-8B7A-83BB121AAD01}</UniqueIdentifier>
      <Extensions>rc;ico;cur;bmp;dlg;rc2;rct;bin;rgs;gif;jpg;jpeg;jpe;resx;tiff;tif;png;wav;mfcribbon-ms</Extensions>
    </Filter>
    <Filter Include="ソース ファイル\ObjHero">
      <UniqueIdentifier>{a4e50c34-71eb-426d-b35c-a08ceb0bdd2c}</UniqueIdentifier>
    </Filter>
    <Filter Include="ソース ファイル\ObjBack">
      <UniqueIdentifier>{702ff9d7-f279-42bb-9de9-3a6abc65badd}</UniqueIdentifier>
    </Filter>
    <Filter Include="ヘッダーファイル">
      <UniqueIdentifier>{19edb0c4-87c4-4e74-b67f-c96fd7c9dbed}</UniqueIdentifier>
    </Filter>
    <Filter Include="ソース ファイル\Scene">
      <UniqueIdentifier>{72f5090a-f017-4f27-85ce-ba5ed98b5049}</UniqueIdentifier>
    </Filter>
    <Filter Include="ソース ファイル\GameTitle">
      <UniqueIdentifier>{bf4efcb1-ec02-4530-8d0e-9a1e2dd311a9}</UniqueIdentifier>
    </Filter>
    <Filter Include="ソース ファイル\ObjTime">
      <UniqueIdentifier>{4f0c48d0-22b4-4225-9656-35bdb6ef97fd}</UniqueIdentifier>
    </Filter>
    <Filter Include="ソース ファイル\Brock">
      <UniqueIdentifier>{03f7e19e-7d29-415b-baa2-d439790b75bf}</UniqueIdentifier>
    </Filter>
    <Filter Include="ソース ファイル\Menu">
      <UniqueIdentifier>{a02f87af-c45c-41f0-92a1-85239dbbc9bd}</UniqueIdentifier>
    </Filter>
    <Filter Include="ソース ファイル\Over">
      <UniqueIdentifier>{a16fccb6-1c19-4ed1-ba37-c5ca1984f85e}</UniqueIdentifier>
    </Filter>
    <Filter Include="ソース ファイル\Rankng">
      <UniqueIdentifier>{6627b1ec-8eb9-4bcf-b523-562fcfa1dcb9}</UniqueIdentifier>
    </Filter>
    <Filter Include="ソース ファイル\Clear">
      <UniqueIdentifier>{680a266a-34e3-4130-a665-e06648ce7906}</UniqueIdentifier>
    </Filter>
  </ItemGroup>
  <ItemGroup>
    <ClCompile Include="CObjHero.cpp">
      <Filter>ソース ファイル\ObjHero</Filter>
    </ClCompile>
    <ClCompile Include="GameL\Audio.cpp">
      <Filter>リソース ファイル</Filter>
    </ClCompile>
    <ClCompile Include="GameL\DirectXDevice.cpp">
      <Filter>リソース ファイル</Filter>
    </ClCompile>
    <ClCompile Include="GameL\Draw2DTex_Source.cpp">
      <Filter>リソース ファイル</Filter>
    </ClCompile>
    <ClCompile Include="GameL\DrawFont.cpp">
      <Filter>リソース ファイル</Filter>
    </ClCompile>
    <ClCompile Include="GameL\DrawTexture.cpp">
      <Filter>リソース ファイル</Filter>
    </ClCompile>
    <ClCompile Include="GameL\GameL_Main.cpp">
      <Filter>リソース ファイル</Filter>
    </ClCompile>
    <ClCompile Include="GameL\HitBoxManager.cpp">
      <Filter>リソース ファイル</Filter>
    </ClCompile>
    <ClCompile Include="GameL\MultiThread.cpp">
      <Filter>リソース ファイル</Filter>
    </ClCompile>
    <ClCompile Include="GameL\SceneManager.cpp">
      <Filter>リソース ファイル</Filter>
    </ClCompile>
    <ClCompile Include="GameL\SceneObjManager.cpp">
      <Filter>リソース ファイル</Filter>
    </ClCompile>
    <ClCompile Include="GameL\SetWindow.cpp">
      <Filter>リソース ファイル</Filter>
    </ClCompile>
    <ClCompile Include="GameL\UserData.cpp">
      <Filter>リソース ファイル</Filter>
    </ClCompile>
    <ClCompile Include="GameL\WICTextureLoader.cpp">
      <Filter>リソース ファイル</Filter>
    </ClCompile>
    <ClCompile Include="GameL\WinInputs.cpp">
      <Filter>リソース ファイル</Filter>
    </ClCompile>
    <ClCompile Include="SceneMain.cpp">
      <Filter>ソース ファイル\Scene</Filter>
    </ClCompile>
    <ClCompile Include="ObjTitle.cpp">
      <Filter>ソース ファイル\GameTitle</Filter>
    </ClCompile>
    <ClCompile Include="SceneTitle.cpp">
      <Filter>ソース ファイル\GameTitle</Filter>
    </ClCompile>
    <ClCompile Include="ObjBackground.cpp">
      <Filter>ソース ファイル\ObjBack</Filter>
    </ClCompile>
    <ClCompile Include="ObjTime.cpp">
      <Filter>ソース ファイル\ObjTime</Filter>
    </ClCompile>
    <ClCompile Include="ObjBlock.cpp">
      <Filter>ソース ファイル\Brock</Filter>
    </ClCompile>
    <ClCompile Include="ObjClear.cpp">
      <Filter>ソース ファイル\Clear</Filter>
    </ClCompile>
    <ClCompile Include="SceneClear.cpp">
      <Filter>ソース ファイル\Clear</Filter>
    </ClCompile>
    <ClCompile Include="ObjMenu.cpp">
      <Filter>ソース ファイル\Menu</Filter>
    </ClCompile>
    <ClCompile Include="SceneMenu.cpp">
      <Filter>ソース ファイル\Menu</Filter>
    </ClCompile>
    <ClCompile Include="SceneOver.cpp">
      <Filter>ソース ファイル\Over</Filter>
    </ClCompile>
    <ClCompile Include="ObjOver.cpp">
      <Filter>ソース ファイル\Over</Filter>
    </ClCompile>
    <ClCompile Include="ObjRanking.cpp">
      <Filter>ソース ファイル\Rankng</Filter>
    </ClCompile>
    <ClCompile Include="SceneRanking.cpp">
      <Filter>ソース ファイル\Rankng</Filter>
    </ClCompile>
  </ItemGroup>
  <ItemGroup>
    <ClInclude Include="CObjHero.h">
      <Filter>ソース ファイル\ObjHero</Filter>
    </ClInclude>
    <ClInclude Include="GameHead.h">
      <Filter>ヘッダーファイル</Filter>
    </ClInclude>
    <ClInclude Include="main.h">
      <Filter>ヘッダーファイル</Filter>
    </ClInclude>
    <ClInclude Include="GameL\Audio.h">
      <Filter>リソース ファイル</Filter>
    </ClInclude>
    <ClInclude Include="GameL\DirectXDevice.h">
      <Filter>リソース ファイル</Filter>
    </ClInclude>
    <ClInclude Include="GameL\DirectXTex.h">
      <Filter>リソース ファイル</Filter>
    </ClInclude>
    <ClInclude Include="GameL\DrawFont.h">
      <Filter>リソース ファイル</Filter>
    </ClInclude>
    <ClInclude Include="GameL\DrawTexture.h">
      <Filter>リソース ファイル</Filter>
    </ClInclude>
    <ClInclude Include="GameL\HitBoxManager.h">
      <Filter>リソース ファイル</Filter>
    </ClInclude>
    <ClInclude Include="GameL\MultiThread.h">
      <Filter>リソース ファイル</Filter>
    </ClInclude>
    <ClInclude Include="GameL\SceneManager.h">
      <Filter>リソース ファイル</Filter>
    </ClInclude>
    <ClInclude Include="GameL\SceneObjManager.h">
      <Filter>リソース ファイル</Filter>
    </ClInclude>
    <ClInclude Include="GameL\SetWindow.h">
      <Filter>リソース ファイル</Filter>
    </ClInclude>
    <ClInclude Include="GameL\UserData.h">
      <Filter>リソース ファイル</Filter>
    </ClInclude>
    <ClInclude Include="GameL\WICTextureLoader.h">
      <Filter>リソース ファイル</Filter>
    </ClInclude>
    <ClInclude Include="GameL\WinInputs.h">
      <Filter>リソース ファイル</Filter>
    </ClInclude>
    <ClInclude Include="SceneMain.h">
      <Filter>ソース ファイル\Scene</Filter>
    </ClInclude>
    <ClInclude Include="ObjTitle.h">
      <Filter>ソース ファイル\GameTitle</Filter>
    </ClInclude>
    <ClInclude Include="SceneTitle.h">
      <Filter>ソース ファイル\GameTitle</Filter>
    </ClInclude>
    <ClInclude Include="ObjBackground.h">
      <Filter>ソース ファイル\ObjBack</Filter>
    </ClInclude>
    <ClInclude Include="ObjTime.h">
      <Filter>ソース ファイル\ObjTime</Filter>
    </ClInclude>
    <ClInclude Include="ObjBlock.h">
      <Filter>ソース ファイル\Brock</Filter>
    </ClInclude>
    <ClInclude Include="ObjClear.h">
      <Filter>ソース ファイル\Clear</Filter>
    </ClInclude>
    <ClInclude Include="SceneClear.h">
      <Filter>ソース ファイル\Clear</Filter>
    </ClInclude>
    <ClInclude Include="SceneMenu.h">
      <Filter>ソース ファイル\Menu</Filter>
    </ClInclude>
    <ClInclude Include="ObjMenu.h">
      <Filter>ソース ファイル\Menu</Filter>
    </ClInclude>
    <ClInclude Include="SceneOver.h">
      <Filter>ソース ファイル\Over</Filter>
    </ClInclude>
    <ClInclude Include="ObjOver.h">
      <Filter>ソース ファイル\Over</Filter>
    </ClInclude>
    <ClInclude Include="ObjRanking.h">
      <Filter>ソース ファイル\Rankng</Filter>
    </ClInclude>
    <ClInclude Include="SceneRanking.h">
      <Filter>ソース ファイル\Rankng</Filter>
    </ClInclude>
  </ItemGroup>
  <ItemGroup>
    <None Include="GameL\DirectXTex.inl">
      <Filter>リソース ファイル</Filter>
    </None>
  </ItemGroup>
  <ItemGroup>
    <Library Include="GameL\DirectXTex.lib">
      <Filter>リソース ファイル</Filter>
    </Library>
  </ItemGroup>
</Project>